<?xml version="1.0" encoding="utf-8"?>
<Project ToolsVersion="4.0" xmlns="http://schemas.microsoft.com/developer/msbuild/2003">
  <ItemGroup>
    <Filter Include="소스 파일">
      <UniqueIdentifier>{4FC737F1-C7A5-4376-A066-2A32D752A2FF}</UniqueIdentifier>
      <Extensions>cpp;c;cc;cxx;c++;cppm;ixx;def;odl;idl;hpj;bat;asm;asmx</Extensions>
    </Filter>
    <Filter Include="헤더 파일">
      <UniqueIdentifier>{93995380-89BD-4b04-88EB-625FBE52EBFB}</UniqueIdentifier>
      <Extensions>h;hh;hpp;hxx;h++;hm;inl;inc;ipp;xsd</Extensions>
    </Filter>
    <Filter Include="리소스 파일">
      <UniqueIdentifier>{67DA6AB6-F800-4c08-8B7A-83BB121AAD01}</UniqueIdentifier>
      <Extensions>rc;ico;cur;bmp;dlg;rc2;rct;bin;rgs;gif;jpg;jpeg;jpe;resx;tiff;tif;png;wav;mfcribbon-ms</Extensions>
    </Filter>
    <Filter Include="리소스 파일\shaders">
      <UniqueIdentifier>{2436f478-bd86-4c07-83b4-07cdfa733b74}</UniqueIdentifier>
    </Filter>
    <Filter Include="헤더 파일\math">
      <UniqueIdentifier>{68f15185-d2e9-4647-a59d-f8c6737d215c}</UniqueIdentifier>
    </Filter>
    <Filter Include="헤더 파일\openGL">
      <UniqueIdentifier>{52ec4c55-b556-4116-b0f0-6ba91fcae47d}</UniqueIdentifier>
    </Filter>
    <Filter Include="소스 파일\math">
      <UniqueIdentifier>{92f1a0d5-ba28-432e-a888-6b02b37e8a6b}</UniqueIdentifier>
    </Filter>
    <Filter Include="소스 파일\openGL">
      <UniqueIdentifier>{f84f416c-135c-4203-822a-bd1209a10098}</UniqueIdentifier>
    </Filter>
    <Filter Include="소스 파일\misc">
      <UniqueIdentifier>{f83fe736-033b-48ad-8d99-4fb317571fb3}</UniqueIdentifier>
    </Filter>
    <Filter Include="헤더 파일\misc">
      <UniqueIdentifier>{aaab5b22-dc4e-4780-ad87-688b7c83e7d9}</UniqueIdentifier>
    </Filter>
  </ItemGroup>
  <ItemGroup>
    <ClCompile Include="..\..\glad\src\glad.c">
      <Filter>소스 파일</Filter>
    </ClCompile>
    <ClCompile Include="main.cpp">
      <Filter>소스 파일</Filter>
    </ClCompile>
    <ClCompile Include="Shader.cpp">
      <Filter>소스 파일\openGL</Filter>
    </ClCompile>
    <ClCompile Include="stb_image.cpp">
      <Filter>소스 파일\misc</Filter>
    </ClCompile>
    <ClCompile Include="light.cpp">
      <Filter>소스 파일</Filter>
    </ClCompile>
  </ItemGroup>
  <ItemGroup>
    <ClInclude Include="Quaternion.h">
      <Filter>헤더 파일\math</Filter>
    </ClInclude>
    <ClInclude Include="Rotator.h">
      <Filter>헤더 파일\math</Filter>
    </ClInclude>
    <ClInclude Include="Shader.h">
      <Filter>헤더 파일\openGL</Filter>
    </ClInclude>
    <ClInclude Include="resource.h">
      <Filter>헤더 파일</Filter>
    </ClInclude>
    <ClInclude Include="MathHeaders.h">
      <Filter>헤더 파일\math</Filter>
    </ClInclude>
    <ClInclude Include="MathUtil.h">
      <Filter>헤더 파일\math</Filter>
    </ClInclude>
    <ClInclude Include="Camera.h">
      <Filter>헤더 파일\math</Filter>
    </ClInclude>
    <ClInclude Include="TransformComponent.h">
      <Filter>헤더 파일\math</Filter>
    </ClInclude>
    <ClInclude Include="Trackball.h">
      <Filter>헤더 파일\math</Filter>
    </ClInclude>
  </ItemGroup>
  <ItemGroup>
    <Text Include="vertex_shader_tex.glsl">
      <Filter>리소스 파일\shaders</Filter>
    </Text>
    <Text Include="fragment_shader_tex.glsl">
      <Filter>리소스 파일\shaders</Filter>
    </Text>
  </ItemGroup>
  <ItemGroup>
    <Image Include="awesomeface.png">
      <Filter>리소스 파일</Filter>
    </Image>
    <Image Include="wooden_container.jpg">
      <Filter>리소스 파일</Filter>
    </Image>
  </ItemGroup>
  <ItemGroup>
    <ResourceCompile Include="glRenderer.rc">
      <Filter>리소스 파일</Filter>
    </ResourceCompile>
  </ItemGroup>
  <ItemGroup>
    <None Include="1.colors.vs">
      <Filter>리소스 파일\shaders</Filter>
    </None>
    <None Include="1.colors.fs">
      <Filter>리소스 파일\shaders</Filter>
    </None>
    <None Include="1.light_cube.vs">
      <Filter>리소스 파일\shaders</Filter>
    </None>
    <None Include="1.light_cube.fs">
      <Filter>리소스 파일\shaders</Filter>
    </None>
  </ItemGroup>
</Project>